
Microsoft Visual Studio Solution File, Format Version 12.00
# Visual Studio Version 17
VisualStudioVersion = 17.7.34018.315
MinimumVisualStudioVersion = 10.0.40219.1
Project("{FAE04EC0-301F-11D3-BF4B-00C04F79EFBC}") = "OpenCVApp39(그림판_조은경님)", "OpenCVApp39(그림판_조은경님)\OpenCVApp39(그림판_조은경님).csproj", "{F8AF70AE-090B-44EC-A86F-007399EB4C71}"
EndProject
Global
	GlobalSection(SolutionConfigurationPlatforms) = preSolution
		Debug|Any CPU = Debug|Any CPU
		Release|Any CPU = Release|Any CPU
	EndGlobalSection
	GlobalSection(ProjectConfigurationPlatforms) = postSolution
		{F8AF70AE-090B-44EC-A86F-007399EB4C71}.Debug|Any CPU.ActiveCfg = Debug|Any CPU
		{F8AF70AE-090B-44EC-A86F-007399EB4C71}.Debug|Any CPU.Build.0 = Debug|Any CPU
		{F8AF70AE-090B-44EC-A86F-007399EB4C71}.Release|Any CPU.ActiveCfg = Release|Any CPU
		{F8AF70AE-090B-44EC-A86F-007399EB4C71}.Release|Any CPU.Build.0 = Release|Any CPU
	EndGlobalSection
	GlobalSection(SolutionProperties) = preSolution
		HideSolutionNode = FALSE
	EndGlobalSection
	GlobalSection(ExtensibilityGlobals) = postSolution
		SolutionGuid = {FCE57D3E-DC8C-408C-9D02-C1A9FC9D15C8}
	EndGlobalSection
EndGlobal
