
Microsoft Visual Studio Solution File, Format Version 12.00
# Visual Studio Version 17
VisualStudioVersion = 17.7.34018.315
MinimumVisualStudioVersion = 10.0.40219.1
Project("{FAE04EC0-301F-11D3-BF4B-00C04F79EFBC}") = "OpenCVApp04", "OpenCVApp04\OpenCVApp04.csproj", "{482CC170-B4C4-4D87-901F-3DDF92E4E122}"
EndProject
Global
	GlobalSection(SolutionConfigurationPlatforms) = preSolution
		Debug|Any CPU = Debug|Any CPU
		Release|Any CPU = Release|Any CPU
	EndGlobalSection
	GlobalSection(ProjectConfigurationPlatforms) = postSolution
		{482CC170-B4C4-4D87-901F-3DDF92E4E122}.Debug|Any CPU.ActiveCfg = Debug|Any CPU
		{482CC170-B4C4-4D87-901F-3DDF92E4E122}.Debug|Any CPU.Build.0 = Debug|Any CPU
		{482CC170-B4C4-4D87-901F-3DDF92E4E122}.Release|Any CPU.ActiveCfg = Release|Any CPU
		{482CC170-B4C4-4D87-901F-3DDF92E4E122}.Release|Any CPU.Build.0 = Release|Any CPU
	EndGlobalSection
	GlobalSection(SolutionProperties) = preSolution
		HideSolutionNode = FALSE
	EndGlobalSection
	GlobalSection(ExtensibilityGlobals) = postSolution
		SolutionGuid = {728D6133-B38C-43FA-AA6D-3D55FA3E3DA6}
	EndGlobalSection
EndGlobal
