
Microsoft Visual Studio Solution File, Format Version 12.00
# Visual Studio Version 17
VisualStudioVersion = 17.7.34018.315
MinimumVisualStudioVersion = 10.0.40219.1
Project("{FAE04EC0-301F-11D3-BF4B-00C04F79EFBC}") = "OpenCVApp07", "OpenCVApp07\OpenCVApp07.csproj", "{F8ABF20E-2012-429D-9A65-20D4499487B5}"
EndProject
Global
	GlobalSection(SolutionConfigurationPlatforms) = preSolution
		Debug|Any CPU = Debug|Any CPU
		Release|Any CPU = Release|Any CPU
	EndGlobalSection
	GlobalSection(ProjectConfigurationPlatforms) = postSolution
		{F8ABF20E-2012-429D-9A65-20D4499487B5}.Debug|Any CPU.ActiveCfg = Debug|Any CPU
		{F8ABF20E-2012-429D-9A65-20D4499487B5}.Debug|Any CPU.Build.0 = Debug|Any CPU
		{F8ABF20E-2012-429D-9A65-20D4499487B5}.Release|Any CPU.ActiveCfg = Release|Any CPU
		{F8ABF20E-2012-429D-9A65-20D4499487B5}.Release|Any CPU.Build.0 = Release|Any CPU
	EndGlobalSection
	GlobalSection(SolutionProperties) = preSolution
		HideSolutionNode = FALSE
	EndGlobalSection
	GlobalSection(ExtensibilityGlobals) = postSolution
		SolutionGuid = {1ABA4C0E-B3E5-4300-9068-183745B44557}
	EndGlobalSection
EndGlobal
