
Microsoft Visual Studio Solution File, Format Version 12.00
# Visual Studio Version 17
VisualStudioVersion = 17.7.34018.315
MinimumVisualStudioVersion = 10.0.40219.1
Project("{FAE04EC0-301F-11D3-BF4B-00C04F79EFBC}") = "OpenCVApp16", "OpenCVApp16\OpenCVApp16.csproj", "{83CE7697-A77C-4D82-A33E-6F08DD2D88F3}"
EndProject
Global
	GlobalSection(SolutionConfigurationPlatforms) = preSolution
		Debug|Any CPU = Debug|Any CPU
		Release|Any CPU = Release|Any CPU
	EndGlobalSection
	GlobalSection(ProjectConfigurationPlatforms) = postSolution
		{83CE7697-A77C-4D82-A33E-6F08DD2D88F3}.Debug|Any CPU.ActiveCfg = Debug|Any CPU
		{83CE7697-A77C-4D82-A33E-6F08DD2D88F3}.Debug|Any CPU.Build.0 = Debug|Any CPU
		{83CE7697-A77C-4D82-A33E-6F08DD2D88F3}.Release|Any CPU.ActiveCfg = Release|Any CPU
		{83CE7697-A77C-4D82-A33E-6F08DD2D88F3}.Release|Any CPU.Build.0 = Release|Any CPU
	EndGlobalSection
	GlobalSection(SolutionProperties) = preSolution
		HideSolutionNode = FALSE
	EndGlobalSection
	GlobalSection(ExtensibilityGlobals) = postSolution
		SolutionGuid = {439B4748-DE2C-411C-B2C2-1AF519813DFB}
	EndGlobalSection
EndGlobal
