
Microsoft Visual Studio Solution File, Format Version 12.00
# Visual Studio Version 17
VisualStudioVersion = 17.7.34018.315
MinimumVisualStudioVersion = 10.0.40219.1
Project("{FAE04EC0-301F-11D3-BF4B-00C04F79EFBC}") = "OpenCVApp11", "OpenCVApp11\OpenCVApp11.csproj", "{79C4BAF4-E92D-405E-8ACE-0137B9D53146}"
EndProject
Global
	GlobalSection(SolutionConfigurationPlatforms) = preSolution
		Debug|Any CPU = Debug|Any CPU
		Release|Any CPU = Release|Any CPU
	EndGlobalSection
	GlobalSection(ProjectConfigurationPlatforms) = postSolution
		{79C4BAF4-E92D-405E-8ACE-0137B9D53146}.Debug|Any CPU.ActiveCfg = Debug|Any CPU
		{79C4BAF4-E92D-405E-8ACE-0137B9D53146}.Debug|Any CPU.Build.0 = Debug|Any CPU
		{79C4BAF4-E92D-405E-8ACE-0137B9D53146}.Release|Any CPU.ActiveCfg = Release|Any CPU
		{79C4BAF4-E92D-405E-8ACE-0137B9D53146}.Release|Any CPU.Build.0 = Release|Any CPU
	EndGlobalSection
	GlobalSection(SolutionProperties) = preSolution
		HideSolutionNode = FALSE
	EndGlobalSection
	GlobalSection(ExtensibilityGlobals) = postSolution
		SolutionGuid = {FCF87B62-EEDF-4BD2-AFB1-40F06F752F0B}
	EndGlobalSection
EndGlobal
