
Microsoft Visual Studio Solution File, Format Version 12.00
# Visual Studio Version 17
VisualStudioVersion = 17.7.34018.315
MinimumVisualStudioVersion = 10.0.40219.1
Project("{FAE04EC0-301F-11D3-BF4B-00C04F79EFBC}") = "OpenCVQuiz05", "OpenCVQuiz05\OpenCVQuiz05.csproj", "{EEE76B84-9C73-48A5-995A-5A90C73C58CB}"
EndProject
Global
	GlobalSection(SolutionConfigurationPlatforms) = preSolution
		Debug|Any CPU = Debug|Any CPU
		Release|Any CPU = Release|Any CPU
	EndGlobalSection
	GlobalSection(ProjectConfigurationPlatforms) = postSolution
		{EEE76B84-9C73-48A5-995A-5A90C73C58CB}.Debug|Any CPU.ActiveCfg = Debug|Any CPU
		{EEE76B84-9C73-48A5-995A-5A90C73C58CB}.Debug|Any CPU.Build.0 = Debug|Any CPU
		{EEE76B84-9C73-48A5-995A-5A90C73C58CB}.Release|Any CPU.ActiveCfg = Release|Any CPU
		{EEE76B84-9C73-48A5-995A-5A90C73C58CB}.Release|Any CPU.Build.0 = Release|Any CPU
	EndGlobalSection
	GlobalSection(SolutionProperties) = preSolution
		HideSolutionNode = FALSE
	EndGlobalSection
	GlobalSection(ExtensibilityGlobals) = postSolution
		SolutionGuid = {BBA0D55C-0071-4658-8FEB-6723C0E53FDC}
	EndGlobalSection
EndGlobal
