
Microsoft Visual Studio Solution File, Format Version 12.00
# Visual Studio Version 17
VisualStudioVersion = 17.7.34018.315
MinimumVisualStudioVersion = 10.0.40219.1
Project("{FAE04EC0-301F-11D3-BF4B-00C04F79EFBC}") = "OpenCVApp41(Histogram_Color)", "OpenCVApp41(Histogram_Color)\OpenCVApp41(Histogram_Color).csproj", "{9305F2C6-3686-4283-BC9A-9BD5940A2612}"
EndProject
Global
	GlobalSection(SolutionConfigurationPlatforms) = preSolution
		Debug|Any CPU = Debug|Any CPU
		Release|Any CPU = Release|Any CPU
	EndGlobalSection
	GlobalSection(ProjectConfigurationPlatforms) = postSolution
		{9305F2C6-3686-4283-BC9A-9BD5940A2612}.Debug|Any CPU.ActiveCfg = Debug|Any CPU
		{9305F2C6-3686-4283-BC9A-9BD5940A2612}.Debug|Any CPU.Build.0 = Debug|Any CPU
		{9305F2C6-3686-4283-BC9A-9BD5940A2612}.Release|Any CPU.ActiveCfg = Release|Any CPU
		{9305F2C6-3686-4283-BC9A-9BD5940A2612}.Release|Any CPU.Build.0 = Release|Any CPU
	EndGlobalSection
	GlobalSection(SolutionProperties) = preSolution
		HideSolutionNode = FALSE
	EndGlobalSection
	GlobalSection(ExtensibilityGlobals) = postSolution
		SolutionGuid = {2761C72E-EED6-412D-98A7-08488F951344}
	EndGlobalSection
EndGlobal
