
Microsoft Visual Studio Solution File, Format Version 12.00
# Visual Studio Version 17
VisualStudioVersion = 17.7.34018.315
MinimumVisualStudioVersion = 10.0.40219.1
Project("{FAE04EC0-301F-11D3-BF4B-00C04F79EFBC}") = "OpenCVApp05", "OpenCVApp05\OpenCVApp05.csproj", "{931D31AB-4087-4A15-A8F5-6ECD7099A988}"
EndProject
Global
	GlobalSection(SolutionConfigurationPlatforms) = preSolution
		Debug|Any CPU = Debug|Any CPU
		Release|Any CPU = Release|Any CPU
	EndGlobalSection
	GlobalSection(ProjectConfigurationPlatforms) = postSolution
		{931D31AB-4087-4A15-A8F5-6ECD7099A988}.Debug|Any CPU.ActiveCfg = Debug|Any CPU
		{931D31AB-4087-4A15-A8F5-6ECD7099A988}.Debug|Any CPU.Build.0 = Debug|Any CPU
		{931D31AB-4087-4A15-A8F5-6ECD7099A988}.Release|Any CPU.ActiveCfg = Release|Any CPU
		{931D31AB-4087-4A15-A8F5-6ECD7099A988}.Release|Any CPU.Build.0 = Release|Any CPU
	EndGlobalSection
	GlobalSection(SolutionProperties) = preSolution
		HideSolutionNode = FALSE
	EndGlobalSection
	GlobalSection(ExtensibilityGlobals) = postSolution
		SolutionGuid = {ED131511-7C35-4128-9B89-F5BF855A1EF2}
	EndGlobalSection
EndGlobal
