
Microsoft Visual Studio Solution File, Format Version 12.00
# Visual Studio Version 17
VisualStudioVersion = 17.7.34018.315
MinimumVisualStudioVersion = 10.0.40219.1
Project("{FAE04EC0-301F-11D3-BF4B-00C04F79EFBC}") = "OpenCVApp02", "OpenCVApp02\OpenCVApp02.csproj", "{CC7C129C-E87B-41C3-83AC-965F8D2BA154}"
EndProject
Global
	GlobalSection(SolutionConfigurationPlatforms) = preSolution
		Debug|Any CPU = Debug|Any CPU
		Release|Any CPU = Release|Any CPU
	EndGlobalSection
	GlobalSection(ProjectConfigurationPlatforms) = postSolution
		{CC7C129C-E87B-41C3-83AC-965F8D2BA154}.Debug|Any CPU.ActiveCfg = Debug|Any CPU
		{CC7C129C-E87B-41C3-83AC-965F8D2BA154}.Debug|Any CPU.Build.0 = Debug|Any CPU
		{CC7C129C-E87B-41C3-83AC-965F8D2BA154}.Release|Any CPU.ActiveCfg = Release|Any CPU
		{CC7C129C-E87B-41C3-83AC-965F8D2BA154}.Release|Any CPU.Build.0 = Release|Any CPU
	EndGlobalSection
	GlobalSection(SolutionProperties) = preSolution
		HideSolutionNode = FALSE
	EndGlobalSection
	GlobalSection(ExtensibilityGlobals) = postSolution
		SolutionGuid = {87FFB77B-0F62-4549-9210-46C60A27EDAC}
	EndGlobalSection
EndGlobal
