
Microsoft Visual Studio Solution File, Format Version 12.00
# Visual Studio Version 17
VisualStudioVersion = 17.7.34018.315
MinimumVisualStudioVersion = 10.0.40219.1
Project("{FAE04EC0-301F-11D3-BF4B-00C04F79EFBC}") = "OpenCVApp18", "OpenCVApp18\OpenCVApp18.csproj", "{DB52516A-ADF7-4630-8C1E-AA172DC7A0D7}"
EndProject
Global
	GlobalSection(SolutionConfigurationPlatforms) = preSolution
		Debug|Any CPU = Debug|Any CPU
		Release|Any CPU = Release|Any CPU
	EndGlobalSection
	GlobalSection(ProjectConfigurationPlatforms) = postSolution
		{DB52516A-ADF7-4630-8C1E-AA172DC7A0D7}.Debug|Any CPU.ActiveCfg = Debug|Any CPU
		{DB52516A-ADF7-4630-8C1E-AA172DC7A0D7}.Debug|Any CPU.Build.0 = Debug|Any CPU
		{DB52516A-ADF7-4630-8C1E-AA172DC7A0D7}.Release|Any CPU.ActiveCfg = Release|Any CPU
		{DB52516A-ADF7-4630-8C1E-AA172DC7A0D7}.Release|Any CPU.Build.0 = Release|Any CPU
	EndGlobalSection
	GlobalSection(SolutionProperties) = preSolution
		HideSolutionNode = FALSE
	EndGlobalSection
	GlobalSection(ExtensibilityGlobals) = postSolution
		SolutionGuid = {79F75202-61F9-4D15-970F-BE2FD8700B42}
	EndGlobalSection
EndGlobal
