
Microsoft Visual Studio Solution File, Format Version 12.00
# Visual Studio Version 17
VisualStudioVersion = 17.7.34018.315
MinimumVisualStudioVersion = 10.0.40219.1
Project("{FAE04EC0-301F-11D3-BF4B-00C04F79EFBC}") = "OpenCVApp30(그림판)", "OpenCVApp30(그림판)\OpenCVApp30(그림판).csproj", "{1BF6D9CB-27D2-4198-A109-E1863EFDE6BA}"
EndProject
Global
	GlobalSection(SolutionConfigurationPlatforms) = preSolution
		Debug|Any CPU = Debug|Any CPU
		Release|Any CPU = Release|Any CPU
	EndGlobalSection
	GlobalSection(ProjectConfigurationPlatforms) = postSolution
		{1BF6D9CB-27D2-4198-A109-E1863EFDE6BA}.Debug|Any CPU.ActiveCfg = Debug|Any CPU
		{1BF6D9CB-27D2-4198-A109-E1863EFDE6BA}.Debug|Any CPU.Build.0 = Debug|Any CPU
		{1BF6D9CB-27D2-4198-A109-E1863EFDE6BA}.Release|Any CPU.ActiveCfg = Release|Any CPU
		{1BF6D9CB-27D2-4198-A109-E1863EFDE6BA}.Release|Any CPU.Build.0 = Release|Any CPU
	EndGlobalSection
	GlobalSection(SolutionProperties) = preSolution
		HideSolutionNode = FALSE
	EndGlobalSection
	GlobalSection(ExtensibilityGlobals) = postSolution
		SolutionGuid = {20B8C97B-ACA8-4C56-88B5-5DE3F5EDD5F7}
	EndGlobalSection
EndGlobal
